# THIS IS AN AUTOGENERATED FILE. DO NOT EDIT THIS FILE DIRECTLY.
# yarn lockfile v1


vue-loading-overlay@^3.4.2:
  version "3.4.2"
  resolved "https://registry.yarnpkg.com/vue-loading-overlay/-/vue-loading-overlay-3.4.2.tgz#34792a83218df1d35dff50121ce9fac2114f1c38"
  integrity sha512-xcB+NPjl76eA0uggm707x3ZFgrNosZXpynHipyS3K+rrK1NztOV49R1LY+/4ij5W1KYANp7eRI2EIHrxCpmWAw==
